<Solution>
  <Folder Name="/src/">
    <Project Path="src/KoreForge.Jex/KoreForge.Jex.csproj" />
  </Folder>
  <Folder Name="/tst/">
    <Project Path="tst/KoreForge.Jex.Benchmarks/KoreForge.Jex.Benchmarks.csproj" />
    <Project Path="tst/KoreForge.Jex.Tests/KoreForge.Jex.Tests.csproj" />
  </Folder>
</Solution>
